
Microsoft Visual Studio Solution File, Format Version 12.00
# Visual Studio Version 17
VisualStudioVersion = 17.3.32901.215
MinimumVisualStudioVersion = 10.0.40219.1
Project("{FAE04EC0-301F-11D3-BF4B-00C04F79EFBC}") = "anim", "anim\anim.csproj", "{0984FD5D-D467-4D92-9575-5B45AF7D4524}"
EndProject
Global
	GlobalSection(SolutionConfigurationPlatforms) = preSolution
		Debug|Any CPU = Debug|Any CPU
		Release|Any CPU = Release|Any CPU
	EndGlobalSection
	GlobalSection(ProjectConfigurationPlatforms) = postSolution
		{0984FD5D-D467-4D92-9575-5B45AF7D4524}.Debug|Any CPU.ActiveCfg = Debug|Any CPU
		{0984FD5D-D467-4D92-9575-5B45AF7D4524}.Debug|Any CPU.Build.0 = Debug|Any CPU
		{0984FD5D-D467-4D92-9575-5B45AF7D4524}.Release|Any CPU.ActiveCfg = Release|Any CPU
		{0984FD5D-D467-4D92-9575-5B45AF7D4524}.Release|Any CPU.Build.0 = Release|Any CPU
	EndGlobalSection
	GlobalSection(SolutionProperties) = preSolution
		HideSolutionNode = FALSE
	EndGlobalSection
	GlobalSection(ExtensibilityGlobals) = postSolution
		SolutionGuid = {D2D00FA4-8B94-4D0E-97DC-E190871A8A0C}
	EndGlobalSection
EndGlobal
